PODS:
  - DeviceKit (2.0.0)
  - KeychainAccess (3.2.0)
  - Kingfisher (5.6.0)
  - SwiftLint (0.33.0)

DEPENDENCIES:
  - DeviceKit
  - KeychainAccess
  - Kingfisher
  - SwiftLint

SPEC REPOS:
  https://github.com/cocoapods/specs.git:
    - DeviceKit
    - KeychainAccess
    - Kingfisher
    - SwiftLint

SPEC CHECKSUMS:
  DeviceKit: 72d36709552d4b3582abd76a53949148acad9811
  KeychainAccess: 3b1bf8a77eb4c6ea1ce9404c292e48f948954c6b
  Kingfisher: 1a50df6880a60bae26f3e21a0df3d17b892f5e0b
  SwiftLint: fed9c66336e41fc74dc48a73678380718f0c8b0e

PODFILE CHECKSUM: 27a0943d224a5f11df4c8b1c9aebc5f73a43ac65

COCOAPODS: 1.7.2
