// !$*UTF8*$!
{
	archiveVersion = 1;
	classes = {
	};
	objectVersion = 51;
	objects = {

/* Begin PBXBuildFile section */
		93D675ABE18B351E56F417DA /* Pods_Template.framework in Frameworks */ = {isa = PBXBuildFile; fileRef = 9C6DA1E0B61F41621AEDB9DE /* Pods_Template.framework */; };
		B16860D522C1F39B0059434A /* AppDelegate.swift in Sources */ = {isa = PBXBuildFile; fileRef = B16860D422C1F39B0059434A /* AppDelegate.swift */; };
		B16860D722C1F39B0059434A /* ViewController.swift in Sources */ = {isa = PBXBuildFile; fileRef = B16860D622C1F39B0059434A /* ViewController.swift */; };
		B16860DA22C1F39B0059434A /* Main.storyboard in Resources */ = {isa = PBXBuildFile; fileRef = B16860D822C1F39B0059434A /* Main.storyboard */; };
		B16860DC22C1F39E0059434A /* Assets.xcassets in Resources */ = {isa = PBXBuildFile; fileRef = B16860DB22C1F39E0059434A /* Assets.xcassets */; };
		B16860DF22C1F39E0059434A /* LaunchScreen.storyboard in Resources */ = {isa = PBXBuildFile; fileRef = B16860DD22C1F39E0059434A /* LaunchScreen.storyboard */; };
		B16860EC22C1FB1D0059434A /* ViewController.swift in Sources */ = {isa = PBXBuildFile; fileRef = B16860D622C1F39B0059434A /* ViewController.swift */; };
		B16860ED22C1FB1D0059434A /* AppDelegate.swift in Sources */ = {isa = PBXBuildFile; fileRef = B16860D422C1F39B0059434A /* AppDelegate.swift */; };
		B16860F122C1FB1D0059434A /* LaunchScreen.storyboard in Resources */ = {isa = PBXBuildFile; fileRef = B16860DD22C1F39E0059434A /* LaunchScreen.storyboard */; };
		B16860F222C1FB1D0059434A /* Assets.xcassets in Resources */ = {isa = PBXBuildFile; fileRef = B16860DB22C1F39E0059434A /* Assets.xcassets */; };
		B16860F322C1FB1D0059434A /* Main.storyboard in Resources */ = {isa = PBXBuildFile; fileRef = B16860D822C1F39B0059434A /* Main.storyboard */; };
		B16AD5C722CF97A700C58EA7 /* TemplateCore.framework in Frameworks */ = {isa = PBXBuildFile; fileRef = B16AD5C522CF977600C58EA7 /* TemplateCore.framework */; };
		B16AD5C822CF97A700C58EA7 /* TemplateCore.framework in Embed Frameworks */ = {isa = PBXBuildFile; fileRef = B16AD5C522CF977600C58EA7 /* TemplateCore.framework */; settings = {ATTRIBUTES = (CodeSignOnCopy, RemoveHeadersOnCopy, ); }; };
		B16AD5E522CF991B00C58EA7 /* TemplateShared.framework in Frameworks */ = {isa = PBXBuildFile; fileRef = B16AD5E322CF991100C58EA7 /* TemplateShared.framework */; };
		B16AD5E622CF991B00C58EA7 /* TemplateShared.framework in Embed Frameworks */ = {isa = PBXBuildFile; fileRef = B16AD5E322CF991100C58EA7 /* TemplateShared.framework */; settings = {ATTRIBUTES = (CodeSignOnCopy, RemoveHeadersOnCopy, ); }; };
/* End PBXBuildFile section */

/* Begin PBXCopyFilesBuildPhase section */
		B16AD5C922CF97A700C58EA7 /* Embed Frameworks */ = {
			isa = PBXCopyFilesBuildPhase;
			buildActionMask = 2147483647;
			dstPath = "";
			dstSubfolderSpec = 10;
			files = (
				B16AD5C822CF97A700C58EA7 /* TemplateCore.framework in Embed Frameworks */,
				B16AD5E622CF991B00C58EA7 /* TemplateShared.framework in Embed Frameworks */,
			);
			name = "Embed Frameworks";
			runOnlyForDeploymentPostprocessing = 0;
		};
/* End PBXCopyFilesBuildPhase section */

/* Begin PBXFileReference section */
		3D5BF537851063AF9B936089 /* Pods-Template.release.xcconfig */ = {isa = PBXFileReference; includeInIndex = 1; lastKnownFileType = text.xcconfig; name = "Pods-Template.release.xcconfig"; path = "Target Support Files/Pods-Template/Pods-Template.release.xcconfig"; sourceTree = "<group>"; };
		9C6DA1E0B61F41621AEDB9DE /* Pods_Template.framework */ = {isa = PBXFileReference; explicitFileType = wrapper.framework; includeInIndex = 0; path = Pods_Template.framework; sourceTree = BUILT_PRODUCTS_DIR; };
		B16860D122C1F39B0059434A /* Template.app */ = {isa = PBXFileReference; explicitFileType = wrapper.application; includeInIndex = 0; path = Template.app; sourceTree = BUILT_PRODUCTS_DIR; };
		B16860D422C1F39B0059434A /* AppDelegate.swift */ = {isa = PBXFileReference; lastKnownFileType = sourcecode.swift; path = AppDelegate.swift; sourceTree = "<group>"; };
		B16860D622C1F39B0059434A /* ViewController.swift */ = {isa = PBXFileReference; lastKnownFileType = sourcecode.swift; path = ViewController.swift; sourceTree = "<group>"; };
		B16860D922C1F39B0059434A /* Base */ = {isa = PBXFileReference; lastKnownFileType = file.storyboard; name = Base; path = Base.lproj/Main.storyboard; sourceTree = "<group>"; };
		B16860DB22C1F39E0059434A /* Assets.xcassets */ = {isa = PBXFileReference; lastKnownFileType = folder.assetcatalog; path = Assets.xcassets; sourceTree = "<group>"; };
		B16860DE22C1F39E0059434A /* Base */ = {isa = PBXFileReference; lastKnownFileType = file.storyboard; name = Base; path = Base.lproj/LaunchScreen.storyboard; sourceTree = "<group>"; };
		B16860E022C1F39E0059434A /* Info.plist */ = {isa = PBXFileReference; lastKnownFileType = text.plist.xml; path = Info.plist; sourceTree = "<group>"; };
		B16860F822C1FB1D0059434A /* Template Stage.app */ = {isa = PBXFileReference; explicitFileType = wrapper.application; includeInIndex = 0; path = "Template Stage.app"; sourceTree = BUILT_PRODUCTS_DIR; };
		B16860FC22C1FCC40059434A /* Stage-Info.plist */ = {isa = PBXFileReference; fileEncoding = 4; lastKnownFileType = text.plist.xml; path = "Stage-Info.plist"; sourceTree = "<group>"; };
		B16AD5C522CF977600C58EA7 /* TemplateCore.framework */ = {isa = PBXFileReference; explicitFileType = wrapper.framework; path = TemplateCore.framework; sourceTree = BUILT_PRODUCTS_DIR; };
		B16AD5E322CF991100C58EA7 /* TemplateShared.framework */ = {isa = PBXFileReference; explicitFileType = wrapper.framework; path = TemplateShared.framework; sourceTree = BUILT_PRODUCTS_DIR; };
		B39654042333EF97986FE90A /* Pods-Template.debug.xcconfig */ = {isa = PBXFileReference; includeInIndex = 1; lastKnownFileType = text.xcconfig; name = "Pods-Template.debug.xcconfig"; path = "Target Support Files/Pods-Template/Pods-Template.debug.xcconfig"; sourceTree = "<group>"; };
/* End PBXFileReference section */

/* Begin PBXFrameworksBuildPhase section */
		B16860CE22C1F39B0059434A /* Frameworks */ = {
			isa = PBXFrameworksBuildPhase;
			buildActionMask = 2147483647;
			files = (
				B16AD5E522CF991B00C58EA7 /* TemplateShared.framework in Frameworks */,
				B16AD5C722CF97A700C58EA7 /* TemplateCore.framework in Frameworks */,
				93D675ABE18B351E56F417DA /* Pods_Template.framework in Frameworks */,
			);
			runOnlyForDeploymentPostprocessing = 0;
		};
		B16860EE22C1FB1D0059434A /* Frameworks */ = {
			isa = PBXFrameworksBuildPhase;
			buildActionMask = 2147483647;
			files = (
			);
			runOnlyForDeploymentPostprocessing = 0;
		};
/* End PBXFrameworksBuildPhase section */

/* Begin PBXGroup section */
		1FCB7525C3B9FAB87D6BF666 /* Pods */ = {
			isa = PBXGroup;
			children = (
				B39654042333EF97986FE90A /* Pods-Template.debug.xcconfig */,
				3D5BF537851063AF9B936089 /* Pods-Template.release.xcconfig */,
			);
			path = Pods;
			sourceTree = "<group>";
		};
		B16860C822C1F39B0059434A = {
			isa = PBXGroup;
			children = (
				B16860D322C1F39B0059434A /* Template */,
				B16860D222C1F39B0059434A /* Products */,
				1FCB7525C3B9FAB87D6BF666 /* Pods */,
				CE2A457BF54DD11CB284211C /* Frameworks */,
			);
			sourceTree = "<group>";
		};
		B16860D222C1F39B0059434A /* Products */ = {
			isa = PBXGroup;
			children = (
				B16860D122C1F39B0059434A /* Template.app */,
				B16860F822C1FB1D0059434A /* Template Stage.app */,
			);
			name = Products;
			sourceTree = "<group>";
		};
		B16860D322C1F39B0059434A /* Template */ = {
			isa = PBXGroup;
			children = (
				B16860FA22C1FB380059434A /* Application */,
				B16860FB22C1FB3D0059434A /* Resources */,
				B16860D622C1F39B0059434A /* ViewController.swift */,
				B16860D822C1F39B0059434A /* Main.storyboard */,
			);
			path = Template;
			sourceTree = "<group>";
		};
		B16860FA22C1FB380059434A /* Application */ = {
			isa = PBXGroup;
			children = (
				B16860D422C1F39B0059434A /* AppDelegate.swift */,
				B16860E022C1F39E0059434A /* Info.plist */,
				B16860FC22C1FCC40059434A /* Stage-Info.plist */,
			);
			path = Application;
			sourceTree = "<group>";
		};
		B16860FB22C1FB3D0059434A /* Resources */ = {
			isa = PBXGroup;
			children = (
				B16860DB22C1F39E0059434A /* Assets.xcassets */,
				B16860DD22C1F39E0059434A /* LaunchScreen.storyboard */,
			);
			path = Resources;
			sourceTree = "<group>";
		};
		CE2A457BF54DD11CB284211C /* Frameworks */ = {
			isa = PBXGroup;
			children = (
				B16AD5E322CF991100C58EA7 /* TemplateShared.framework */,
				B16AD5C522CF977600C58EA7 /* TemplateCore.framework */,
				9C6DA1E0B61F41621AEDB9DE /* Pods_Template.framework */,
			);
			name = Frameworks;
			sourceTree = "<group>";
		};
/* End PBXGroup section */

/* Begin PBXNativeTarget section */
		B16860D022C1F39B0059434A /* Template */ = {
			isa = PBXNativeTarget;
			buildConfigurationList = B16860E322C1F39E0059434A /* Build configuration list for PBXNativeTarget "Template" */;
			buildPhases = (
				DCC922D3BA932C81E44BB583 /* [CP] Check Pods Manifest.lock */,
				B16860E722C1F7A60059434A /* SwiftLint */,
				B16860CD22C1F39B0059434A /* Sources */,
				B16860CE22C1F39B0059434A /* Frameworks */,
				B16860CF22C1F39B0059434A /* Resources */,
				E34F48DB838A2B75F1FBAEB6 /* [CP] Embed Pods Frameworks */,
				B16AD5C922CF97A700C58EA7 /* Embed Frameworks */,
			);
			buildRules = (
			);
			dependencies = (
			);
			name = Template;
			productName = "iOS Base Template";
			productReference = B16860D122C1F39B0059434A /* Template.app */;
			productType = "com.apple.product-type.application";
		};
		B16860E822C1FB1D0059434A /* Template Stage */ = {
			isa = PBXNativeTarget;
			buildConfigurationList = B16860F522C1FB1D0059434A /* Build configuration list for PBXNativeTarget "Template Stage" */;
			buildPhases = (
				B16860EA22C1FB1D0059434A /* SwiftLint */,
				B16860EB22C1FB1D0059434A /* Sources */,
				B16860EE22C1FB1D0059434A /* Frameworks */,
				B16860F022C1FB1D0059434A /* Resources */,
			);
			buildRules = (
			);
			dependencies = (
			);
			name = "Template Stage";
			productName = "iOS Base Template";
			productReference = B16860F822C1FB1D0059434A /* Template Stage.app */;
			productType = "com.apple.product-type.application";
		};
/* End PBXNativeTarget section */

/* Begin PBXProject section */
		B16860C922C1F39B0059434A /* Project object */ = {
			isa = PBXProject;
			attributes = {
				LastSwiftUpdateCheck = 1020;
				LastUpgradeCheck = 1020;
				ORGANIZATIONNAME = "Klaus Lanzarini";
				TargetAttributes = {
					B16860D022C1F39B0059434A = {
						CreatedOnToolsVersion = 10.2.1;
					};
				};
			};
			buildConfigurationList = B16860CC22C1F39B0059434A /* Build configuration list for PBXProject "Template" */;
			compatibilityVersion = "Xcode 9.3";
			developmentRegion = en;
			hasScannedForEncodings = 0;
			knownRegions = (
				en,
				Base,
			);
			mainGroup = B16860C822C1F39B0059434A;
			productRefGroup = B16860D222C1F39B0059434A /* Products */;
			projectDirPath = "";
			projectRoot = "";
			targets = (
				B16860D022C1F39B0059434A /* Template */,
				B16860E822C1FB1D0059434A /* Template Stage */,
			);
		};
/* End PBXProject section */

/* Begin PBXResourcesBuildPhase section */
		B16860CF22C1F39B0059434A /* Resources */ = {
			isa = PBXResourcesBuildPhase;
			buildActionMask = 2147483647;
			files = (
				B16860DF22C1F39E0059434A /* LaunchScreen.storyboard in Resources */,
				B16860DC22C1F39E0059434A /* Assets.xcassets in Resources */,
				B16860DA22C1F39B0059434A /* Main.storyboard in Resources */,
			);
			runOnlyForDeploymentPostprocessing = 0;
		};
		B16860F022C1FB1D0059434A /* Resources */ = {
			isa = PBXResourcesBuildPhase;
			buildActionMask = 2147483647;
			files = (
				B16860F122C1FB1D0059434A /* LaunchScreen.storyboard in Resources */,
				B16860F222C1FB1D0059434A /* Assets.xcassets in Resources */,
				B16860F322C1FB1D0059434A /* Main.storyboard in Resources */,
			);
			runOnlyForDeploymentPostprocessing = 0;
		};
/* End PBXResourcesBuildPhase section */

/* Begin PBXShellScriptBuildPhase section */
		B16860E722C1F7A60059434A /* SwiftLint */ = {
			isa = PBXShellScriptBuildPhase;
			buildActionMask = 2147483647;
			files = (
			);
			inputFileListPaths = (
			);
			inputPaths = (
			);
			name = SwiftLint;
			outputFileListPaths = (
			);
			outputPaths = (
			);
			runOnlyForDeploymentPostprocessing = 0;
			shellPath = /bin/sh;
			shellScript = "\"${PODS_ROOT}/SwiftLint/swiftlint\"\n";
		};
		B16860EA22C1FB1D0059434A /* SwiftLint */ = {
			isa = PBXShellScriptBuildPhase;
			buildActionMask = 2147483647;
			files = (
			);
			inputFileListPaths = (
			);
			inputPaths = (
			);
			name = SwiftLint;
			outputFileListPaths = (
			);
			outputPaths = (
			);
			runOnlyForDeploymentPostprocessing = 0;
			shellPath = /bin/sh;
			shellScript = "\"${PODS_ROOT}/SwiftLint/swiftlint\"\n";
		};
		DCC922D3BA932C81E44BB583 /* [CP] Check Pods Manifest.lock */ = {
			isa = PBXShellScriptBuildPhase;
			buildActionMask = 2147483647;
			files = (
			);
			inputFileListPaths = (
			);
			inputPaths = (
				"${PODS_PODFILE_DIR_PATH}/Podfile.lock",
				"${PODS_ROOT}/Manifest.lock",
			);
			name = "[CP] Check Pods Manifest.lock";
			outputFileListPaths = (
			);
			outputPaths = (
				"$(DERIVED_FILE_DIR)/Pods-Template-checkManifestLockResult.txt",
			);
			runOnlyForDeploymentPostprocessing = 0;
			shellPath = /bin/sh;
			shellScript = "diff \"${PODS_PODFILE_DIR_PATH}/Podfile.lock\" \"${PODS_ROOT}/Manifest.lock\" > /dev/null\nif [ $? != 0 ] ; then\n    # print error to STDERR\n    echo \"error: The sandbox is not in sync with the Podfile.lock. Run 'pod install' or update your CocoaPods installation.\" >&2\n    exit 1\nfi\n# This output is used by Xcode 'outputs' to avoid re-running this script phase.\necho \"SUCCESS\" > \"${SCRIPT_OUTPUT_FILE_0}\"\n";
			showEnvVarsInLog = 0;
		};
		E34F48DB838A2B75F1FBAEB6 /* [CP] Embed Pods Frameworks */ = {
			isa = PBXShellScriptBuildPhase;
			buildActionMask = 2147483647;
			files = (
			);
			inputFileListPaths = (
				"${PODS_ROOT}/Target Support Files/Pods-Template/Pods-Template-frameworks-${CONFIGURATION}-input-files.xcfilelist",
			);
			name = "[CP] Embed Pods Frameworks";
			outputFileListPaths = (
				"${PODS_ROOT}/Target Support Files/Pods-Template/Pods-Template-frameworks-${CONFIGURATION}-output-files.xcfilelist",
			);
			runOnlyForDeploymentPostprocessing = 0;
			shellPath = /bin/sh;
			shellScript = "\"${PODS_ROOT}/Target Support Files/Pods-Template/Pods-Template-frameworks.sh\"\n";
			showEnvVarsInLog = 0;
		};
/* End PBXShellScriptBuildPhase section */

/* Begin PBXSourcesBuildPhase section */
		B16860CD22C1F39B0059434A /* Sources */ = {
			isa = PBXSourcesBuildPhase;
			buildActionMask = 2147483647;
			files = (
				B16860D722C1F39B0059434A /* ViewController.swift in Sources */,
				B16860D522C1F39B0059434A /* AppDelegate.swift in Sources */,
			);
			runOnlyForDeploymentPostprocessing = 0;
		};
		B16860EB22C1FB1D0059434A /* Sources */ = {
			isa = PBXSourcesBuildPhase;
			buildActionMask = 2147483647;
			files = (
				B16860EC22C1FB1D0059434A /* ViewController.swift in Sources */,
				B16860ED22C1FB1D0059434A /* AppDelegate.swift in Sources */,
			);
			runOnlyForDeploymentPostprocessing = 0;
		};
/* End PBXSourcesBuildPhase section */

/* Begin PBXVariantGroup section */
		B16860D822C1F39B0059434A /* Main.storyboard */ = {
			isa = PBXVariantGroup;
			children = (
				B16860D922C1F39B0059434A /* Base */,
			);
			name = Main.storyboard;
			sourceTree = "<group>";
		};
		B16860DD22C1F39E0059434A /* LaunchScreen.storyboard */ = {
			isa = PBXVariantGroup;
			children = (
				B16860DE22C1F39E0059434A /* Base */,
			);
			name = LaunchScreen.storyboard;
			sourceTree = "<group>";
		};
/* End PBXVariantGroup section */

/* Begin XCBuildConfiguration section */
		B16860E122C1F39E0059434A /* Debug */ = {
			isa = XCBuildConfiguration;
			buildSettings = {
				ALWAYS_SEARCH_USER_PATHS = NO;
				CLANG_ANALYZER_NONNULL = YES;
				CLANG_ANALYZER_NUMBER_OBJECT_CONVERSION = YES_AGGRESSIVE;
				CLANG_CXX_LANGUAGE_STANDARD = "gnu++14";
				CLANG_CXX_LIBRARY = "libc++";
				CLANG_ENABLE_MODULES = YES;
				CLANG_ENABLE_OBJC_ARC = YES;
				CLANG_ENABLE_OBJC_WEAK = YES;
				CLANG_WARN_BLOCK_CAPTURE_AUTORELEASING = YES;
				CLANG_WARN_BOOL_CONVERSION = YES;
				CLANG_WARN_COMMA = YES;
				CLANG_WARN_CONSTANT_CONVERSION = YES;
				CLANG_WARN_DEPRECATED_OBJC_IMPLEMENTATIONS = YES;
				CLANG_WARN_DIRECT_OBJC_ISA_USAGE = YES_ERROR;
				CLANG_WARN_DOCUMENTATION_COMMENTS = YES;
				CLANG_WARN_EMPTY_BODY = YES;
				CLANG_WARN_ENUM_CONVERSION = YES;
				CLANG_WARN_INFINITE_RECURSION = YES;
				CLANG_WARN_INT_CONVERSION = YES;
				CLANG_WARN_NON_LITERAL_NULL_CONVERSION = YES;
				CLANG_WARN_OBJC_IMPLICIT_RETAIN_SELF = YES;
				CLANG_WARN_OBJC_LITERAL_CONVERSION = YES;
				CLANG_WARN_OBJC_ROOT_CLASS = YES_ERROR;
				CLANG_WARN_RANGE_LOOP_ANALYSIS = YES;
				CLANG_WARN_STRICT_PROTOTYPES = YES;
				CLANG_WARN_SUSPICIOUS_MOVE = YES;
				CLANG_WARN_UNGUARDED_AVAILABILITY = YES_AGGRESSIVE;
				CLANG_WARN_UNREACHABLE_CODE = YES;
				CLANG_WARN__DUPLICATE_METHOD_MATCH = YES;
				CODE_SIGN_IDENTITY = "iPhone Developer";
				COPY_PHASE_STRIP = NO;
				DEBUG_INFORMATION_FORMAT = dwarf;
				ENABLE_STRICT_OBJC_MSGSEND = YES;
				ENABLE_TESTABILITY = YES;
				GCC_C_LANGUAGE_STANDARD = gnu11;
				GCC_DYNAMIC_NO_PIC = NO;
				GCC_NO_COMMON_BLOCKS = YES;
				GCC_OPTIMIZATION_LEVEL = 0;
				GCC_PREPROCESSOR_DEFINITIONS = (
					"DEBUG=1",
					"$(inherited)",
				);
				GCC_WARN_64_TO_32_BIT_CONVERSION = YES;
				GCC_WARN_ABOUT_RETURN_TYPE = YES_ERROR;
				GCC_WARN_UNDECLARED_SELECTOR = YES;
				GCC_WARN_UNINITIALIZED_AUTOS = YES_AGGRESSIVE;
				GCC_WARN_UNUSED_FUNCTION = YES;
				GCC_WARN_UNUSED_VARIABLE = YES;
				IPHONEOS_DEPLOYMENT_TARGET = 12.2;
				MTL_ENABLE_DEBUG_INFO = INCLUDE_SOURCE;
				MTL_FAST_MATH = YES;
				ONLY_ACTIVE_ARCH = YES;
				SDKROOT = iphoneos;
				SWIFT_ACTIVE_COMPILATION_CONDITIONS = DEBUG;
				SWIFT_OPTIMIZATION_LEVEL = "-Onone";
			};
			name = Debug;
		};
		B16860E222C1F39E0059434A /* Release */ = {
			isa = XCBuildConfiguration;
			buildSettings = {
				ALWAYS_SEARCH_USER_PATHS = NO;
				CLANG_ANALYZER_NONNULL = YES;
				CLANG_ANALYZER_NUMBER_OBJECT_CONVERSION = YES_AGGRESSIVE;
				CLANG_CXX_LANGUAGE_STANDARD = "gnu++14";
				CLANG_CXX_LIBRARY = "libc++";
				CLANG_ENABLE_MODULES = YES;
				CLANG_ENABLE_OBJC_ARC = YES;
				CLANG_ENABLE_OBJC_WEAK = YES;
				CLANG_WARN_BLOCK_CAPTURE_AUTORELEASING = YES;
				CLANG_WARN_BOOL_CONVERSION = YES;
				CLANG_WARN_COMMA = YES;
				CLANG_WARN_CONSTANT_CONVERSION = YES;
				CLANG_WARN_DEPRECATED_OBJC_IMPLEMENTATIONS = YES;
				CLANG_WARN_DIRECT_OBJC_ISA_USAGE = YES_ERROR;
				CLANG_WARN_DOCUMENTATION_COMMENTS = YES;
				CLANG_WARN_EMPTY_BODY = YES;
				CLANG_WARN_ENUM_CONVERSION = YES;
				CLANG_WARN_INFINITE_RECURSION = YES;
				CLANG_WARN_INT_CONVERSION = YES;
				CLANG_WARN_NON_LITERAL_NULL_CONVERSION = YES;
				CLANG_WARN_OBJC_IMPLICIT_RETAIN_SELF = YES;
				CLANG_WARN_OBJC_LITERAL_CONVERSION = YES;
				CLANG_WARN_OBJC_ROOT_CLASS = YES_ERROR;
				CLANG_WARN_RANGE_LOOP_ANALYSIS = YES;
				CLANG_WARN_STRICT_PROTOTYPES = YES;
				CLANG_WARN_SUSPICIOUS_MOVE = YES;
				CLANG_WARN_UNGUARDED_AVAILABILITY = YES_AGGRESSIVE;
				CLANG_WARN_UNREACHABLE_CODE = YES;
				CLANG_WARN__DUPLICATE_METHOD_MATCH = YES;
				CODE_SIGN_IDENTITY = "iPhone Developer";
				COPY_PHASE_STRIP = NO;
				DEBUG_INFORMATION_FORMAT = "dwarf-with-dsym";
				ENABLE_NS_ASSERTIONS = NO;
				ENABLE_STRICT_OBJC_MSGSEND = YES;
				GCC_C_LANGUAGE_STANDARD = gnu11;
				GCC_NO_COMMON_BLOCKS = YES;
				GCC_WARN_64_TO_32_BIT_CONVERSION = YES;
				GCC_WARN_ABOUT_RETURN_TYPE = YES_ERROR;
				GCC_WARN_UNDECLARED_SELECTOR = YES;
				GCC_WARN_UNINITIALIZED_AUTOS = YES_AGGRESSIVE;
				GCC_WARN_UNUSED_FUNCTION = YES;
				GCC_WARN_UNUSED_VARIABLE = YES;
				IPHONEOS_DEPLOYMENT_TARGET = 12.2;
				MTL_ENABLE_DEBUG_INFO = NO;
				MTL_FAST_MATH = YES;
				SDKROOT = iphoneos;
				SWIFT_COMPILATION_MODE = wholemodule;
				SWIFT_OPTIMIZATION_LEVEL = "-O";
				VALIDATE_PRODUCT = YES;
			};
			name = Release;
		};
		B16860E422C1F39E0059434A /* Debug */ = {
			isa = XCBuildConfiguration;
			baseConfigurationReference = B39654042333EF97986FE90A /* Pods-Template.debug.xcconfig */;
			buildSettings = {
				ASSETCATALOG_COMPILER_APPICON_NAME = AppIcon;
				CODE_SIGN_STYLE = Automatic;
				DEVELOPMENT_TEAM = XU68D9ZRUQ;
				INFOPLIST_FILE = "$(SRCROOT)/Template/Application/Info.plist";
				LD_RUNPATH_SEARCH_PATHS = (
					"$(inherited)",
					"@executable_path/Frameworks",
				);
				PRODUCT_BUNDLE_IDENTIFIER = "it.klauslanza.iOS-Base-Template";
				PRODUCT_NAME = "$(TARGET_NAME)";
				SWIFT_VERSION = 5.0;
				TARGETED_DEVICE_FAMILY = "1,2";
			};
			name = Debug;
		};
		B16860E522C1F39E0059434A /* Release */ = {
			isa = XCBuildConfiguration;
			baseConfigurationReference = 3D5BF537851063AF9B936089 /* Pods-Template.release.xcconfig */;
			buildSettings = {
				ASSETCATALOG_COMPILER_APPICON_NAME = AppIcon;
				CODE_SIGN_STYLE = Automatic;
				DEVELOPMENT_TEAM = XU68D9ZRUQ;
				INFOPLIST_FILE = "$(SRCROOT)/Template/Application/Info.plist";
				LD_RUNPATH_SEARCH_PATHS = (
					"$(inherited)",
					"@executable_path/Frameworks",
				);
				PRODUCT_BUNDLE_IDENTIFIER = "it.klauslanza.iOS-Base-Template";
				PRODUCT_NAME = "$(TARGET_NAME)";
				SWIFT_VERSION = 5.0;
				TARGETED_DEVICE_FAMILY = "1,2";
			};
			name = Release;
		};
		B16860F622C1FB1D0059434A /* Debug */ = {
			isa = XCBuildConfiguration;
			buildSettings = {
				ASSETCATALOG_COMPILER_APPICON_NAME = AppIcon;
				CODE_SIGN_STYLE = Automatic;
				DEVELOPMENT_TEAM = XU68D9ZRUQ;
				INFOPLIST_FILE = "$(SRCROOT)/Template/Application/Stage-Info.plist";
				LD_RUNPATH_SEARCH_PATHS = (
					"$(inherited)",
					"@executable_path/Frameworks",
				);
				PRODUCT_BUNDLE_IDENTIFIER = "it.klauslanza.iOS-Base-Template";
				PRODUCT_NAME = "$(TARGET_NAME)";
				SWIFT_VERSION = 5.0;
				TARGETED_DEVICE_FAMILY = "1,2";
			};
			name = Debug;
		};
		B16860F722C1FB1D0059434A /* Release */ = {
			isa = XCBuildConfiguration;
			buildSettings = {
				ASSETCATALOG_COMPILER_APPICON_NAME = AppIcon;
				CODE_SIGN_STYLE = Automatic;
				DEVELOPMENT_TEAM = XU68D9ZRUQ;
				INFOPLIST_FILE = "$(SRCROOT)/Template/Application/Stage-Info.plist";
				LD_RUNPATH_SEARCH_PATHS = (
					"$(inherited)",
					"@executable_path/Frameworks",
				);
				PRODUCT_BUNDLE_IDENTIFIER = "it.klauslanza.iOS-Base-Template";
				PRODUCT_NAME = "$(TARGET_NAME)";
				SWIFT_VERSION = 5.0;
				TARGETED_DEVICE_FAMILY = "1,2";
			};
			name = Release;
		};
/* End XCBuildConfiguration section */

/* Begin XCConfigurationList section */
		B16860CC22C1F39B0059434A /* Build configuration list for PBXProject "Template" */ = {
			isa = XCConfigurationList;
			buildConfigurations = (
				B16860E122C1F39E0059434A /* Debug */,
				B16860E222C1F39E0059434A /* Release */,
			);
			defaultConfigurationIsVisible = 0;
			defaultConfigurationName = Release;
		};
		B16860E322C1F39E0059434A /* Build configuration list for PBXNativeTarget "Template" */ = {
			isa = XCConfigurationList;
			buildConfigurations = (
				B16860E422C1F39E0059434A /* Debug */,
				B16860E522C1F39E0059434A /* Release */,
			);
			defaultConfigurationIsVisible = 0;
			defaultConfigurationName = Release;
		};
		B16860F522C1FB1D0059434A /* Build configuration list for PBXNativeTarget "Template Stage" */ = {
			isa = XCConfigurationList;
			buildConfigurations = (
				B16860F622C1FB1D0059434A /* Debug */,
				B16860F722C1FB1D0059434A /* Release */,
			);
			defaultConfigurationIsVisible = 0;
			defaultConfigurationName = Release;
		};
/* End XCConfigurationList section */
	};
	rootObject = B16860C922C1F39B0059434A /* Project object */;
}
